
Microsoft Visual Studio Solution File, Format Version 12.00
# Visual Studio 15
VisualStudioVersion = 15.0.27130.2010
MinimumVisualStudioVersion = 10.0.40219.1
Project("{FAE04EC0-301F-11D3-BF4B-00C04F79EFBC}") = "QLPhongKhachSan", "QLPhongKhachSan\QLPhongKhachSan.csproj", "{28101DA5-639E-486F-B2FC-79CD4F2BF596}"
EndProject
Global
	GlobalSection(SolutionConfigurationPlatforms) = preSolution
		Debug|Any CPU = Debug|Any CPU
		Release|Any CPU = Release|Any CPU
	EndGlobalSection
	GlobalSection(ProjectConfigurationPlatforms) = postSolution
		{28101DA5-639E-486F-B2FC-79CD4F2BF596}.Debug|Any CPU.ActiveCfg = Debug|Any CPU
		{28101DA5-639E-486F-B2FC-79CD4F2BF596}.Debug|Any CPU.Build.0 = Debug|Any CPU
		{28101DA5-639E-486F-B2FC-79CD4F2BF596}.Release|Any CPU.ActiveCfg = Release|Any CPU
		{28101DA5-639E-486F-B2FC-79CD4F2BF596}.Release|Any CPU.Build.0 = Release|Any CPU
	EndGlobalSection
	GlobalSection(SolutionProperties) = preSolution
		HideSolutionNode = FALSE
	EndGlobalSection
	GlobalSection(ExtensibilityGlobals) = postSolution
		SolutionGuid = {D6B14B9E-9E0D-438C-8419-B0AF77E97D19}
	EndGlobalSection
EndGlobal
